
Microsoft Visual Studio Solution File, Format Version 12.00
# Visual Studio Version 16
VisualStudioVersion = 16.0.30225.117
MinimumVisualStudioVersion = 10.0.40219.1
Project("{FAE04EC0-301F-11D3-BF4B-00C04F79EFBC}") = "SchoolAppDBFirst", "SchoolAppDBFirst\SchoolAppDBFirst.csproj", "{DF8C09B1-8518-4C41-BDF7-E09FFC08BFF5}"
EndProject
Global
	GlobalSection(SolutionConfigurationPlatforms) = preSolution
		Debug|Any CPU = Debug|Any CPU
		Release|Any CPU = Release|Any CPU
	EndGlobalSection
	GlobalSection(ProjectConfigurationPlatforms) = postSolution
		{DF8C09B1-8518-4C41-BDF7-E09FFC08BFF5}.Debug|Any CPU.ActiveCfg = Debug|Any CPU
		{DF8C09B1-8518-4C41-BDF7-E09FFC08BFF5}.Debug|Any CPU.Build.0 = Debug|Any CPU
		{DF8C09B1-8518-4C41-BDF7-E09FFC08BFF5}.Release|Any CPU.ActiveCfg = Release|Any CPU
		{DF8C09B1-8518-4C41-BDF7-E09FFC08BFF5}.Release|Any CPU.Build.0 = Release|Any CPU
	EndGlobalSection
	GlobalSection(SolutionProperties) = preSolution
		HideSolutionNode = FALSE
	EndGlobalSection
	GlobalSection(ExtensibilityGlobals) = postSolution
		SolutionGuid = {DC4F3B1A-89F4-41CA-A606-46ADB4C95498}
	EndGlobalSection
EndGlobal
